# This file is automatically @generated by Cargo.
# It is not intended for manual editing.
version = 4

[[package]]
name = "anivault_core"
version = "0.1.0"
dependencies = [
 "libmpv",
 "libmpv-sys",
]

[[package]]
name = "libmpv"
version = "2.0.1"
source = "registry+https://github.com/rust-lang/crates.io-index"
checksum = "61a58e2d19b34775e81e0fdca194b3b8ee8de973b092e7582b416343979e22e7"
dependencies = [
 "libmpv-sys",
]

[[package]]
name = "libmpv-sys"
version = "3.1.0"
source = "registry+https://github.com/rust-lang/crates.io-index"
checksum = "0df938d3145cd8f134572721a27afa3a51f9bc1c26ae30a1d5077162f96d074b"
